# THIS IS AN AUTOGENERATED FILE. DO NOT EDIT THIS FILE DIRECTLY.
# yarn lockfile v1


"@emo-eth/create2-clones-with-immutable-args@^0.1.0":
  version "0.1.0"
  resolved "https://registry.yarnpkg.com/@emo-eth/create2-clones-with-immutable-args/-/create2-clones-with-immutable-args-0.1.0.tgz#13bff62cf4034cdcb675fdfbb3269e68137f165b"
  integrity sha512-torEnu8wds2M2p2ZzMOE9zdfkxctKJIZ/gk9wyTv7vKo/PcqQYMBo0Ts8qNOYo99Ug02BBxMKPLj8RQ1e+TGlA==
  dependencies:
    "@emo-eth/create2-helpers" "^0.1.3"

"@emo-eth/create2-helpers@^0.1.3":
  version "0.1.3"
  resolved "https://registry.yarnpkg.com/@emo-eth/create2-helpers/-/create2-helpers-0.1.3.tgz#cd5b3d3fd6a5aebda5723c5ec35bc4a9868a80f3"
  integrity sha512-jl4KhU6446EiBZjfydzf0ws47BcrXWvHJNovNG9yj+i0Mv6tqn5DyAfMsZ0k18v0O4vt5bbTUloyLdLi8kS/pQ==
  dependencies:
    "@openzeppelin/contracts" "^4.8.0"

"@openzeppelin/contracts@^4.8.0":
  version "4.8.0"
  resolved "https://registry.yarnpkg.com/@openzeppelin/contracts/-/contracts-4.8.0.tgz#6854c37df205dd2c056bdfa1b853f5d732109109"
  integrity sha512-AGuwhRRL+NaKx73WKRNzeCxOCOCxpaqF+kp8TJ89QzAipSwZy/NoflkWaL9bywXFRhIzXt8j38sfF7KBKCPWLw==
