# THIS IS AN AUTOGENERATED FILE. DO NOT EDIT THIS FILE DIRECTLY.
# yarn lockfile v1


"@emo-eth/create2-clones-with-immutable-args@^0.1.1":
  version "0.1.1"
  resolved "https://registry.yarnpkg.com/@emo-eth/create2-clones-with-immutable-args/-/create2-clones-with-immutable-args-0.1.1.tgz#54cd2f6b673b16d7142b7a5af6ddf7e88c58a05e"
  integrity sha512-+5HhmiUeqD1Fsq9RsBLNjcHWy6ynorpwgFLs0OW6sk8Hm8H1aUf8Lv/TtdmRs3Qa5zoieZYWIzYS65+f/HdB+g==
  dependencies:
    "@emo-eth/create2-helpers" "^0.1.3"

"@emo-eth/create2-helpers@^0.1.3":
  version "0.1.3"
  resolved "https://registry.yarnpkg.com/@emo-eth/create2-helpers/-/create2-helpers-0.1.3.tgz#cd5b3d3fd6a5aebda5723c5ec35bc4a9868a80f3"
  integrity sha512-jl4KhU6446EiBZjfydzf0ws47BcrXWvHJNovNG9yj+i0Mv6tqn5DyAfMsZ0k18v0O4vt5bbTUloyLdLi8kS/pQ==
  dependencies:
    "@openzeppelin/contracts" "^4.8.0"

"@openzeppelin/contracts@^4.8.0":
  version "4.8.0"
  resolved "https://registry.yarnpkg.com/@openzeppelin/contracts/-/contracts-4.8.0.tgz#6854c37df205dd2c056bdfa1b853f5d732109109"
  integrity sha512-AGuwhRRL+NaKx73WKRNzeCxOCOCxpaqF+kp8TJ89QzAipSwZy/NoflkWaL9bywXFRhIzXt8j38sfF7KBKCPWLw==

solmate@^6.6.1:
  version "6.6.1"
  resolved "https://registry.yarnpkg.com/solmate/-/solmate-6.6.1.tgz#f0907e1cdada6dd5fbfe11811ab545162b713197"
  integrity sha512-WHvRXQvGtgR6R9nmkDTz/d+oULMqf/D33rlzQyadTX2SbuTmaW7ToEjGjGtWUVCQwZsZ/JP3vbOEVv7fB50btg==
